
Microsoft Visual Studio Solution File, Format Version 12.00
# Visual Studio Version 17
VisualStudioVersion = 17.8.34309.116
MinimumVisualStudioVersion = 10.0.40219.1
Project("{FAE04EC0-301F-11D3-BF4B-00C04F79EFBC}") = "tp3", "tp3\tp3.csproj", "{EF7D73F1-5747-470A-B410-1DC9DD291446}"
EndProject
Global
	GlobalSection(SolutionConfigurationPlatforms) = preSolution
		Debug|Any CPU = Debug|Any CPU
		Release|Any CPU = Release|Any CPU
	EndGlobalSection
	GlobalSection(ProjectConfigurationPlatforms) = postSolution
		{EF7D73F1-5747-470A-B410-1DC9DD291446}.Debug|Any CPU.ActiveCfg = Debug|Any CPU
		{EF7D73F1-5747-470A-B410-1DC9DD291446}.Debug|Any CPU.Build.0 = Debug|Any CPU
		{EF7D73F1-5747-470A-B410-1DC9DD291446}.Release|Any CPU.ActiveCfg = Release|Any CPU
		{EF7D73F1-5747-470A-B410-1DC9DD291446}.Release|Any CPU.Build.0 = Release|Any CPU
	EndGlobalSection
	GlobalSection(SolutionProperties) = preSolution
		HideSolutionNode = FALSE
	EndGlobalSection
	GlobalSection(ExtensibilityGlobals) = postSolution
		SolutionGuid = {9E7C744E-6485-4A94-A4AD-A897B43E7D9F}
	EndGlobalSection
EndGlobal
